// !$*UTF8*$!
{
	archiveVersion = 1;
	classes = {
	};
	objectVersion = 46;
	objects = {

/* Begin PBXBuildFile section */
		CF05AC2F18568F150026988C /* NGHTMLGetter.m in Sources */ = {isa = PBXBuildFile; fileRef = CF05AC2E18568F150026988C /* NGHTMLGetter.m */; };
		CF07D31118D88E55007BAAFC /* SVProgressHUD.bundle in Resources */ = {isa = PBXBuildFile; fileRef = CF07D30E18D88E55007BAAFC /* SVProgressHUD.bundle */; };
		CF07D31218D88E55007BAAFC /* SVProgressHUD.m in Sources */ = {isa = PBXBuildFile; fileRef = CF07D31018D88E55007BAAFC /* SVProgressHUD.m */; };
		CF07D31418D88E8D007BAAFC /* QuartzCore.framework in Frameworks */ = {isa = PBXBuildFile; fileRef = CF07D31318D88E8D007BAAFC /* QuartzCore.framework */; };
		CF1374DD1897275900C757B0 /* OK.png in Resources */ = {isa = PBXBuildFile; fileRef = CF1374DC1897275900C757B0 /* OK.png */; };
		CF1374E018972A2E00C757B0 /* NGOdaimokuTableViewController.m in Sources */ = {isa = PBXBuildFile; fileRef = CF1374DF18972A2E00C757B0 /* NGOdaimokuTableViewController.m */; };
		CF1374E318972C2B00C757B0 /* NGTopicListGetter.m in Sources */ = {isa = PBXBuildFile; fileRef = CF1374E218972C2B00C757B0 /* NGTopicListGetter.m */; };
		CF70D71519113B45009CB8C7 /* NGDownloadActivity.m in Sources */ = {isa = PBXBuildFile; fileRef = CF70D71419113B45009CB8C7 /* NGDownloadActivity.m */; };
		CF70D71819114B2A009CB8C7 /* NGSafariActivity.m in Sources */ = {isa = PBXBuildFile; fileRef = CF70D71719114B2A009CB8C7 /* NGSafariActivity.m */; };
		CFA49B0E188A348700355F0E /* UIAsyncImageView.m in Sources */ = {isa = PBXBuildFile; fileRef = CFA49B0D188A348700355F0E /* UIAsyncImageView.m */; };
		CFAEDAE918DD643E0015A2B4 /* NGOdaimokuTableViewControllerIpad.m in Sources */ = {isa = PBXBuildFile; fileRef = CFAEDAE818DD643E0015A2B4 /* NGOdaimokuTableViewControllerIpad.m */; };
		CFAEDAEF18DD68210015A2B4 /* NGOdaimokuTableViewControllerIphone.m in Sources */ = {isa = PBXBuildFile; fileRef = CFAEDAEE18DD68210015A2B4 /* NGOdaimokuTableViewControllerIphone.m */; };
		CFD6672818DD7C38000EF257 /* NGViewControllerBase.m in Sources */ = {isa = PBXBuildFile; fileRef = CFD6672718DD7C38000EF257 /* NGViewControllerBase.m */; };
		CFD6E83618D7C17500CBA020 /* NGImageDownloader.m in Sources */ = {isa = PBXBuildFile; fileRef = CFD6E83518D7C17500CBA020 /* NGImageDownloader.m */; };
		CFDE6D941861514D00DDFB67 /* HTMLNode.m in Sources */ = {isa = PBXBuildFile; fileRef = CFDE6D911861514D00DDFB67 /* HTMLNode.m */; };
		CFDE6D951861514D00DDFB67 /* HTMLParser.m in Sources */ = {isa = PBXBuildFile; fileRef = CFDE6D931861514D00DDFB67 /* HTMLParser.m */; };
		CFDE6D971861540F00DDFB67 /* libxml2.dylib in Frameworks */ = {isa = PBXBuildFile; fileRef = CFDE6D961861540F00DDFB67 /* libxml2.dylib */; };
		CFEFED0418568CF900A5AC7C /* Foundation.framework in Frameworks */ = {isa = PBXBuildFile; fileRef = CFEFED0318568CF900A5AC7C /* Foundation.framework */; };
		CFEFED0618568CF900A5AC7C /* CoreGraphics.framework in Frameworks */ = {isa = PBXBuildFile; fileRef = CFEFED0518568CF900A5AC7C /* CoreGraphics.framework */; };
		CFEFED0818568CF900A5AC7C /* UIKit.framework in Frameworks */ = {isa = PBXBuildFile; fileRef = CFEFED0718568CF900A5AC7C /* UIKit.framework */; };
		CFEFED0E18568CF900A5AC7C /* InfoPlist.strings in Resources */ = {isa = PBXBuildFile; fileRef = CFEFED0C18568CF900A5AC7C /* InfoPlist.strings */; };
		CFEFED1018568CF900A5AC7C /* main.m in Sources */ = {isa = PBXBuildFile; fileRef = CFEFED0F18568CF900A5AC7C /* main.m */; };
		CFEFED1418568CF900A5AC7C /* NGAppDelegate.m in Sources */ = {isa = PBXBuildFile; fileRef = CFEFED1318568CF900A5AC7C /* NGAppDelegate.m */; };
		CFEFED1718568CF900A5AC7C /* Main_iPhone.storyboard in Resources */ = {isa = PBXBuildFile; fileRef = CFEFED1518568CF900A5AC7C /* Main_iPhone.storyboard */; };
		CFEFED1A18568CF900A5AC7C /* Main_iPad.storyboard in Resources */ = {isa = PBXBuildFile; fileRef = CFEFED1818568CF900A5AC7C /* Main_iPad.storyboard */; };
		CFEFED1D18568CF900A5AC7C /* NGViewController.m in Sources */ = {isa = PBXBuildFile; fileRef = CFEFED1C18568CF900A5AC7C /* NGViewController.m */; };
		CFEFED1F18568CF900A5AC7C /* Images.xcassets in Resources */ = {isa = PBXBuildFile; fileRef = CFEFED1E18568CF900A5AC7C /* Images.xcassets */; };
		CFEFED2618568CF900A5AC7C /* XCTest.framework in Frameworks */ = {isa = PBXBuildFile; fileRef = CFEFED2518568CF900A5AC7C /* XCTest.framework */; };
		CFEFED2718568CF900A5AC7C /* Foundation.framework in Frameworks */ = {isa = PBXBuildFile; fileRef = CFEFED0318568CF900A5AC7C /* Foundation.framework */; };
		CFEFED2818568CF900A5AC7C /* UIKit.framework in Frameworks */ = {isa = PBXBuildFile; fileRef = CFEFED0718568CF900A5AC7C /* UIKit.framework */; };
		CFEFED3018568CF900A5AC7C /* InfoPlist.strings in Resources */ = {isa = PBXBuildFile; fileRef = CFEFED2E18568CF900A5AC7C /* InfoPlist.strings */; };
		CFEFED3218568CF900A5AC7C /* NGVTests.m in Sources */ = {isa = PBXBuildFile; fileRef = CFEFED3118568CF900A5AC7C /* NGVTests.m */; };
/* End PBXBuildFile section */

/* Begin PBXContainerItemProxy section */
		CFEFED2918568CF900A5AC7C /* PBXContainerItemProxy */ = {
			isa = PBXContainerItemProxy;
			containerPortal = CFEFECF818568CF900A5AC7C /* Project object */;
			proxyType = 1;
			remoteGlobalIDString = CFEFECFF18568CF900A5AC7C;
			remoteInfo = NGV;
		};
/* End PBXContainerItemProxy section */

/* Begin PBXFileReference section */
		CF05AC2D18568F150026988C /* NGHTMLGetter.h */ = {isa = PBXFileReference; fileEncoding = 4; lastKnownFileType = sourcecode.c.h; path = NGHTMLGetter.h; sourceTree = "<group>"; };
		CF05AC2E18568F150026988C /* NGHTMLGetter.m */ = {isa = PBXFileReference; fileEncoding = 4; lastKnownFileType = sourcecode.c.objc; path = NGHTMLGetter.m; sourceTree = "<group>"; };
		CF07D30E18D88E55007BAAFC /* SVProgressHUD.bundle */ = {isa = PBXFileReference; lastKnownFileType = "wrapper.plug-in"; path = SVProgressHUD.bundle; sourceTree = "<group>"; };
		CF07D30F18D88E55007BAAFC /* SVProgressHUD.h */ = {isa = PBXFileReference; fileEncoding = 4; lastKnownFileType = sourcecode.c.h; path = SVProgressHUD.h; sourceTree = "<group>"; };
		CF07D31018D88E55007BAAFC /* SVProgressHUD.m */ = {isa = PBXFileReference; fileEncoding = 4; lastKnownFileType = sourcecode.c.objc; path = SVProgressHUD.m; sourceTree = "<group>"; };
		CF07D31318D88E8D007BAAFC /* QuartzCore.framework */ = {isa = PBXFileReference; lastKnownFileType = wrapper.framework; name = QuartzCore.framework; path = System/Library/Frameworks/QuartzCore.framework; sourceTree = SDKROOT; };
		CF1374DC1897275900C757B0 /* OK.png */ = {isa = PBXFileReference; lastKnownFileType = image.png; path = OK.png; sourceTree = "<group>"; };
		CF1374DE18972A2E00C757B0 /* NGOdaimokuTableViewController.h */ = {isa = PBXFileReference; fileEncoding = 4; lastKnownFileType = sourcecode.c.h; path = NGOdaimokuTableViewController.h; sourceTree = "<group>"; };
		CF1374DF18972A2E00C757B0 /* NGOdaimokuTableViewController.m */ = {isa = PBXFileReference; fileEncoding = 4; lastKnownFileType = sourcecode.c.objc; path = NGOdaimokuTableViewController.m; sourceTree = "<group>"; };
		CF1374E118972C2B00C757B0 /* NGTopicListGetter.h */ = {isa = PBXFileReference; fileEncoding = 4; lastKnownFileType = sourcecode.c.h; path = NGTopicListGetter.h; sourceTree = "<group>"; };
		CF1374E218972C2B00C757B0 /* NGTopicListGetter.m */ = {isa = PBXFileReference; fileEncoding = 4; lastKnownFileType = sourcecode.c.objc; path = NGTopicListGetter.m; sourceTree = "<group>"; };
		CF70D71319113B45009CB8C7 /* NGDownloadActivity.h */ = {isa = PBXFileReference; fileEncoding = 4; lastKnownFileType = sourcecode.c.h; path = NGDownloadActivity.h; sourceTree = "<group>"; };
		CF70D71419113B45009CB8C7 /* NGDownloadActivity.m */ = {isa = PBXFileReference; fileEncoding = 4; lastKnownFileType = sourcecode.c.objc; path = NGDownloadActivity.m; sourceTree = "<group>"; };
		CF70D71619114B2A009CB8C7 /* NGSafariActivity.h */ = {isa = PBXFileReference; fileEncoding = 4; lastKnownFileType = sourcecode.c.h; path = NGSafariActivity.h; sourceTree = "<group>"; };
		CF70D71719114B2A009CB8C7 /* NGSafariActivity.m */ = {isa = PBXFileReference; fileEncoding = 4; lastKnownFileType = sourcecode.c.objc; path = NGSafariActivity.m; sourceTree = "<group>"; };
		CFA49B0C188A348700355F0E /* UIAsyncImageView.h */ = {isa = PBXFileReference; fileEncoding = 4; lastKnownFileType = sourcecode.c.h; path = UIAsyncImageView.h; sourceTree = "<group>"; };
		CFA49B0D188A348700355F0E /* UIAsyncImageView.m */ = {isa = PBXFileReference; fileEncoding = 4; lastKnownFileType = sourcecode.c.objc; path = UIAsyncImageView.m; sourceTree = "<group>"; };
		CFAEDAE718DD643E0015A2B4 /* NGOdaimokuTableViewControllerIpad.h */ = {isa = PBXFileReference; fileEncoding = 4; lastKnownFileType = sourcecode.c.h; path = NGOdaimokuTableViewControllerIpad.h; sourceTree = "<group>"; };
		CFAEDAE818DD643E0015A2B4 /* NGOdaimokuTableViewControllerIpad.m */ = {isa = PBXFileReference; fileEncoding = 4; lastKnownFileType = sourcecode.c.objc; path = NGOdaimokuTableViewControllerIpad.m; sourceTree = "<group>"; };
		CFAEDAED18DD68210015A2B4 /* NGOdaimokuTableViewControllerIphone.h */ = {isa = PBXFileReference; fileEncoding = 4; lastKnownFileType = sourcecode.c.h; path = NGOdaimokuTableViewControllerIphone.h; sourceTree = "<group>"; };
		CFAEDAEE18DD68210015A2B4 /* NGOdaimokuTableViewControllerIphone.m */ = {isa = PBXFileReference; fileEncoding = 4; lastKnownFileType = sourcecode.c.objc; path = NGOdaimokuTableViewControllerIphone.m; sourceTree = "<group>"; };
		CFD6672618DD7C38000EF257 /* NGViewControllerBase.h */ = {isa = PBXFileReference; fileEncoding = 4; lastKnownFileType = sourcecode.c.h; path = NGViewControllerBase.h; sourceTree = "<group>"; };
		CFD6672718DD7C38000EF257 /* NGViewControllerBase.m */ = {isa = PBXFileReference; fileEncoding = 4; lastKnownFileType = sourcecode.c.objc; path = NGViewControllerBase.m; sourceTree = "<group>"; };
		CFD6E83418D7C17500CBA020 /* NGImageDownloader.h */ = {isa = PBXFileReference; fileEncoding = 4; lastKnownFileType = sourcecode.c.h; path = NGImageDownloader.h; sourceTree = "<group>"; };
		CFD6E83518D7C17500CBA020 /* NGImageDownloader.m */ = {isa = PBXFileReference; fileEncoding = 4; lastKnownFileType = sourcecode.c.objc; path = NGImageDownloader.m; sourceTree = "<group>"; };
		CFDE6D901861514D00DDFB67 /* HTMLNode.h */ = {isa = PBXFileReference; fileEncoding = 4; lastKnownFileType = sourcecode.c.h; path = HTMLNode.h; sourceTree = "<group>"; };
		CFDE6D911861514D00DDFB67 /* HTMLNode.m */ = {isa = PBXFileReference; fileEncoding = 4; lastKnownFileType = sourcecode.c.objc; path = HTMLNode.m; sourceTree = "<group>"; };
		CFDE6D921861514D00DDFB67 /* HTMLParser.h */ = {isa = PBXFileReference; fileEncoding = 4; lastKnownFileType = sourcecode.c.h; path = HTMLParser.h; sourceTree = "<group>"; };
		CFDE6D931861514D00DDFB67 /* HTMLParser.m */ = {isa = PBXFileReference; fileEncoding = 4; lastKnownFileType = sourcecode.c.objc; path = HTMLParser.m; sourceTree = "<group>"; };
		CFDE6D961861540F00DDFB67 /* libxml2.dylib */ = {isa = PBXFileReference; lastKnownFileType = "compiled.mach-o.dylib"; name = libxml2.dylib; path = usr/lib/libxml2.dylib; sourceTree = SDKROOT; };
		CFEFED0018568CF900A5AC7C /* NGV.app */ = {isa = PBXFileReference; explicitFileType = wrapper.application; includeInIndex = 0; path = NGV.app; sourceTree = BUILT_PRODUCTS_DIR; };
		CFEFED0318568CF900A5AC7C /* Foundation.framework */ = {isa = PBXFileReference; lastKnownFileType = wrapper.framework; name = Foundation.framework; path = System/Library/Frameworks/Foundation.framework; sourceTree = SDKROOT; };
		CFEFED0518568CF900A5AC7C /* CoreGraphics.framework */ = {isa = PBXFileReference; lastKnownFileType = wrapper.framework; name = CoreGraphics.framework; path = System/Library/Frameworks/CoreGraphics.framework; sourceTree = SDKROOT; };
		CFEFED0718568CF900A5AC7C /* UIKit.framework */ = {isa = PBXFileReference; lastKnownFileType = wrapper.framework; name = UIKit.framework; path = System/Library/Frameworks/UIKit.framework; sourceTree = SDKROOT; };
		CFEFED0B18568CF900A5AC7C /* NGV-Info.plist */ = {isa = PBXFileReference; lastKnownFileType = text.plist.xml; path = "NGV-Info.plist"; sourceTree = "<group>"; };
		CFEFED0D18568CF900A5AC7C /* en */ = {isa = PBXFileReference; lastKnownFileType = text.plist.strings; name = en; path = en.lproj/InfoPlist.strings; sourceTree = "<group>"; };
		CFEFED0F18568CF900A5AC7C /* main.m */ = {isa = PBXFileReference; lastKnownFileType = sourcecode.c.objc; path = main.m; sourceTree = "<group>"; };
		CFEFED1118568CF900A5AC7C /* NGV-Prefix.pch */ = {isa = PBXFileReference; lastKnownFileType = sourcecode.c.h; path = "NGV-Prefix.pch"; sourceTree = "<group>"; };
		CFEFED1218568CF900A5AC7C /* NGAppDelegate.h */ = {isa = PBXFileReference; lastKnownFileType = sourcecode.c.h; path = NGAppDelegate.h; sourceTree = "<group>"; };
		CFEFED1318568CF900A5AC7C /* NGAppDelegate.m */ = {isa = PBXFileReference; lastKnownFileType = sourcecode.c.objc; path = NGAppDelegate.m; sourceTree = "<group>"; };
		CFEFED1618568CF900A5AC7C /* Base */ = {isa = PBXFileReference; lastKnownFileType = file.storyboard; name = Base; path = Base.lproj/Main_iPhone.storyboard; sourceTree = "<group>"; };
		CFEFED1918568CF900A5AC7C /* Base */ = {isa = PBXFileReference; lastKnownFileType = file.storyboard; name = Base; path = Base.lproj/Main_iPad.storyboard; sourceTree = "<group>"; };
		CFEFED1B18568CF900A5AC7C /* NGViewController.h */ = {isa = PBXFileReference; lastKnownFileType = sourcecode.c.h; path = NGViewController.h; sourceTree = "<group>"; };
		CFEFED1C18568CF900A5AC7C /* NGViewController.m */ = {isa = PBXFileReference; lastKnownFileType = sourcecode.c.objc; path = NGViewController.m; sourceTree = "<group>"; };
		CFEFED1E18568CF900A5AC7C /* Images.xcassets */ = {isa = PBXFileReference; lastKnownFileType = folder.assetcatalog; path = Images.xcassets; sourceTree = "<group>"; };
		CFEFED2418568CF900A5AC7C /* NGVTests.xctest */ = {isa = PBXFileReference; explicitFileType = wrapper.cfbundle; includeInIndex = 0; path = NGVTests.xctest; sourceTree = BUILT_PRODUCTS_DIR; };
		CFEFED2518568CF900A5AC7C /* XCTest.framework */ = {isa = PBXFileReference; lastKnownFileType = wrapper.framework; name = XCTest.framework; path = Library/Frameworks/XCTest.framework; sourceTree = DEVELOPER_DIR; };
		CFEFED2D18568CF900A5AC7C /* NGVTests-Info.plist */ = {isa = PBXFileReference; lastKnownFileType = text.plist.xml; path = "NGVTests-Info.plist"; sourceTree = "<group>"; };
		CFEFED2F18568CF900A5AC7C /* en */ = {isa = PBXFileReference; lastKnownFileType = text.plist.strings; name = en; path = en.lproj/InfoPlist.strings; sourceTree = "<group>"; };
		CFEFED3118568CF900A5AC7C /* NGVTests.m */ = {isa = PBXFileReference; lastKnownFileType = sourcecode.c.objc; path = NGVTests.m; sourceTree = "<group>"; };
/* End PBXFileReference section */

/* Begin PBXFrameworksBuildPhase section */
		CFEFECFD18568CF900A5AC7C /* Frameworks */ = {
			isa = PBXFrameworksBuildPhase;
			buildActionMask = 2147483647;
			files = (
				CF07D31418D88E8D007BAAFC /* QuartzCore.framework in Frameworks */,
				CFDE6D971861540F00DDFB67 /* libxml2.dylib in Frameworks */,
				CFEFED0618568CF900A5AC7C /* CoreGraphics.framework in Frameworks */,
				CFEFED0818568CF900A5AC7C /* UIKit.framework in Frameworks */,
				CFEFED0418568CF900A5AC7C /* Foundation.framework in Frameworks */,
			);
			runOnlyForDeploymentPostprocessing = 0;
		};
		CFEFED2118568CF900A5AC7C /* Frameworks */ = {
			isa = PBXFrameworksBuildPhase;
			buildActionMask = 2147483647;
			files = (
				CFEFED2618568CF900A5AC7C /* XCTest.framework in Frameworks */,
				CFEFED2818568CF900A5AC7C /* UIKit.framework in Frameworks */,
				CFEFED2718568CF900A5AC7C /* Foundation.framework in Frameworks */,
			);
			runOnlyForDeploymentPostprocessing = 0;
		};
/* End PBXFrameworksBuildPhase section */

/* Begin PBXGroup section */
		CF07D30D18D88E10007BAAFC /* SVProgressHUD */ = {
			isa = PBXGroup;
			children = (
				CF07D30E18D88E55007BAAFC /* SVProgressHUD.bundle */,
				CF07D30F18D88E55007BAAFC /* SVProgressHUD.h */,
				CF07D31018D88E55007BAAFC /* SVProgressHUD.m */,
			);
			name = SVProgressHUD;
			sourceTree = "<group>";
		};
		CF1374DA1897271800C757B0 /* resources */ = {
			isa = PBXGroup;
			children = (
				CF1374DB1897272C00C757B0 /* images */,
			);
			name = resources;
			sourceTree = "<group>";
		};
		CF1374DB1897272C00C757B0 /* images */ = {
			isa = PBXGroup;
			children = (
				CF1374DC1897275900C757B0 /* OK.png */,
			);
			name = images;
			sourceTree = "<group>";
		};
		CFDE6D8F1861504D00DDFB67 /* HTML-Parser */ = {
			isa = PBXGroup;
			children = (
				CFDE6D901861514D00DDFB67 /* HTMLNode.h */,
				CFDE6D911861514D00DDFB67 /* HTMLNode.m */,
				CFDE6D921861514D00DDFB67 /* HTMLParser.h */,
				CFDE6D931861514D00DDFB67 /* HTMLParser.m */,
			);
			name = "HTML-Parser";
			sourceTree = "<group>";
		};
		CFEFECF718568CF900A5AC7C = {
			isa = PBXGroup;
			children = (
				CFEFED0918568CF900A5AC7C /* NGV */,
				CFEFED2B18568CF900A5AC7C /* NGVTests */,
				CFEFED0218568CF900A5AC7C /* Frameworks */,
				CFEFED0118568CF900A5AC7C /* Products */,
			);
			sourceTree = "<group>";
		};
		CFEFED0118568CF900A5AC7C /* Products */ = {
			isa = PBXGroup;
			children = (
				CFEFED0018568CF900A5AC7C /* NGV.app */,
				CFEFED2418568CF900A5AC7C /* NGVTests.xctest */,
			);
			name = Products;
			sourceTree = "<group>";
		};
		CFEFED0218568CF900A5AC7C /* Frameworks */ = {
			isa = PBXGroup;
			children = (
				CF07D31318D88E8D007BAAFC /* QuartzCore.framework */,
				CFDE6D961861540F00DDFB67 /* libxml2.dylib */,
				CFEFED0318568CF900A5AC7C /* Foundation.framework */,
				CFEFED0518568CF900A5AC7C /* CoreGraphics.framework */,
				CFEFED0718568CF900A5AC7C /* UIKit.framework */,
				CFEFED2518568CF900A5AC7C /* XCTest.framework */,
			);
			name = Frameworks;
			sourceTree = "<group>";
		};
		CFEFED0918568CF900A5AC7C /* NGV */ = {
			isa = PBXGroup;
			children = (
				CF07D30D18D88E10007BAAFC /* SVProgressHUD */,
				CFDE6D8F1861504D00DDFB67 /* HTML-Parser */,
				CFEFED1218568CF900A5AC7C /* NGAppDelegate.h */,
				CF1374DA1897271800C757B0 /* resources */,
				CFEFED1318568CF900A5AC7C /* NGAppDelegate.m */,
				CFEFED1518568CF900A5AC7C /* Main_iPhone.storyboard */,
				CF1374DE18972A2E00C757B0 /* NGOdaimokuTableViewController.h */,
				CF1374DF18972A2E00C757B0 /* NGOdaimokuTableViewController.m */,
				CFAEDAE718DD643E0015A2B4 /* NGOdaimokuTableViewControllerIpad.h */,
				CFAEDAE818DD643E0015A2B4 /* NGOdaimokuTableViewControllerIpad.m */,
				CFAEDAED18DD68210015A2B4 /* NGOdaimokuTableViewControllerIphone.h */,
				CFAEDAEE18DD68210015A2B4 /* NGOdaimokuTableViewControllerIphone.m */,
				CFEFED1818568CF900A5AC7C /* Main_iPad.storyboard */,
				CFEFED1B18568CF900A5AC7C /* NGViewController.h */,
				CFEFED1C18568CF900A5AC7C /* NGViewController.m */,
				CFEFED1E18568CF900A5AC7C /* Images.xcassets */,
				CFD6672618DD7C38000EF257 /* NGViewControllerBase.h */,
				CFD6672718DD7C38000EF257 /* NGViewControllerBase.m */,
				CF70D71619114B2A009CB8C7 /* NGSafariActivity.h */,
				CF70D71719114B2A009CB8C7 /* NGSafariActivity.m */,
				CF70D71319113B45009CB8C7 /* NGDownloadActivity.h */,
				CF70D71419113B45009CB8C7 /* NGDownloadActivity.m */,
				CFEFED0A18568CF900A5AC7C /* Supporting Files */,
				CF05AC2D18568F150026988C /* NGHTMLGetter.h */,
				CF05AC2E18568F150026988C /* NGHTMLGetter.m */,
				CFA49B0C188A348700355F0E /* UIAsyncImageView.h */,
				CFA49B0D188A348700355F0E /* UIAsyncImageView.m */,
				CF1374E118972C2B00C757B0 /* NGTopicListGetter.h */,
				CF1374E218972C2B00C757B0 /* NGTopicListGetter.m */,
				CFD6E83418D7C17500CBA020 /* NGImageDownloader.h */,
				CFD6E83518D7C17500CBA020 /* NGImageDownloader.m */,
			);
			path = NGV;
			sourceTree = "<group>";
		};
		CFEFED0A18568CF900A5AC7C /* Supporting Files */ = {
			isa = PBXGroup;
			children = (
				CFEFED0B18568CF900A5AC7C /* NGV-Info.plist */,
				CFEFED0C18568CF900A5AC7C /* InfoPlist.strings */,
				CFEFED0F18568CF900A5AC7C /* main.m */,
				CFEFED1118568CF900A5AC7C /* NGV-Prefix.pch */,
			);
			name = "Supporting Files";
			sourceTree = "<group>";
		};
		CFEFED2B18568CF900A5AC7C /* NGVTests */ = {
			isa = PBXGroup;
			children = (
				CFEFED3118568CF900A5AC7C /* NGVTests.m */,
				CFEFED2C18568CF900A5AC7C /* Supporting Files */,
			);
			path = NGVTests;
			sourceTree = "<group>";
		};
		CFEFED2C18568CF900A5AC7C /* Supporting Files */ = {
			isa = PBXGroup;
			children = (
				CFEFED2D18568CF900A5AC7C /* NGVTests-Info.plist */,
				CFEFED2E18568CF900A5AC7C /* InfoPlist.strings */,
			);
			name = "Supporting Files";
			sourceTree = "<group>";
		};
/* End PBXGroup section */

/* Begin PBXNativeTarget section */
		CFEFECFF18568CF900A5AC7C /* NGV */ = {
			isa = PBXNativeTarget;
			buildConfigurationList = CFEFED3518568CF900A5AC7C /* Build configuration list for PBXNativeTarget "NGV" */;
			buildPhases = (
				CFEFECFC18568CF900A5AC7C /* Sources */,
				CFEFECFD18568CF900A5AC7C /* Frameworks */,
				CFEFECFE18568CF900A5AC7C /* Resources */,
			);
			buildRules = (
			);
			dependencies = (
			);
			name = NGV;
			productName = NGV;
			productReference = CFEFED0018568CF900A5AC7C /* NGV.app */;
			productType = "com.apple.product-type.application";
		};
		CFEFED2318568CF900A5AC7C /* NGVTests */ = {
			isa = PBXNativeTarget;
			buildConfigurationList = CFEFED3818568CF900A5AC7C /* Build configuration list for PBXNativeTarget "NGVTests" */;
			buildPhases = (
				CFEFED2018568CF900A5AC7C /* Sources */,
				CFEFED2118568CF900A5AC7C /* Frameworks */,
				CFEFED2218568CF900A5AC7C /* Resources */,
			);
			buildRules = (
			);
			dependencies = (
				CFEFED2A18568CF900A5AC7C /* PBXTargetDependency */,
			);
			name = NGVTests;
			productName = NGVTests;
			productReference = CFEFED2418568CF900A5AC7C /* NGVTests.xctest */;
			productType = "com.apple.product-type.bundle.unit-test";
		};
/* End PBXNativeTarget section */

/* Begin PBXProject section */
		CFEFECF818568CF900A5AC7C /* Project object */ = {
			isa = PBXProject;
			attributes = {
				CLASSPREFIX = NG;
				LastUpgradeCheck = 0510;
				ORGANIZATIONNAME = "Yasuhiro Sato";
				TargetAttributes = {
					CFEFECFF18568CF900A5AC7C = {
						DevelopmentTeam = N875A77B8S;
					};
					CFEFED2318568CF900A5AC7C = {
						TestTargetID = CFEFECFF18568CF900A5AC7C;
					};
				};
			};
			buildConfigurationList = CFEFECFB18568CF900A5AC7C /* Build configuration list for PBXProject "NGV" */;
			compatibilityVersion = "Xcode 3.2";
			developmentRegion = English;
			hasScannedForEncodings = 0;
			knownRegions = (
				en,
				Base,
			);
			mainGroup = CFEFECF718568CF900A5AC7C;
			productRefGroup = CFEFED0118568CF900A5AC7C /* Products */;
			projectDirPath = "";
			projectRoot = "";
			targets = (
				CFEFECFF18568CF900A5AC7C /* NGV */,
				CFEFED2318568CF900A5AC7C /* NGVTests */,
			);
		};
/* End PBXProject section */

/* Begin PBXResourcesBuildPhase section */
		CFEFECFE18568CF900A5AC7C /* Resources */ = {
			isa = PBXResourcesBuildPhase;
			buildActionMask = 2147483647;
			files = (
				CF1374DD1897275900C757B0 /* OK.png in Resources */,
				CF07D31118D88E55007BAAFC /* SVProgressHUD.bundle in Resources */,
				CFEFED1A18568CF900A5AC7C /* Main_iPad.storyboard in Resources */,
				CFEFED1F18568CF900A5AC7C /* Images.xcassets in Resources */,
				CFEFED1718568CF900A5AC7C /* Main_iPhone.storyboard in Resources */,
				CFEFED0E18568CF900A5AC7C /* InfoPlist.strings in Resources */,
			);
			runOnlyForDeploymentPostprocessing = 0;
		};
		CFEFED2218568CF900A5AC7C /* Resources */ = {
			isa = PBXResourcesBuildPhase;
			buildActionMask = 2147483647;
			files = (
				CFEFED3018568CF900A5AC7C /* InfoPlist.strings in Resources */,
			);
			runOnlyForDeploymentPostprocessing = 0;
		};
/* End PBXResourcesBuildPhase section */

/* Begin PBXSourcesBuildPhase section */
		CFEFECFC18568CF900A5AC7C /* Sources */ = {
			isa = PBXSourcesBuildPhase;
			buildActionMask = 2147483647;
			files = (
				CFA49B0E188A348700355F0E /* UIAsyncImageView.m in Sources */,
				CFDE6D941861514D00DDFB67 /* HTMLNode.m in Sources */,
				CF70D71519113B45009CB8C7 /* NGDownloadActivity.m in Sources */,
				CFDE6D951861514D00DDFB67 /* HTMLParser.m in Sources */,
				CFEFED1D18568CF900A5AC7C /* NGViewController.m in Sources */,
				CF70D71819114B2A009CB8C7 /* NGSafariActivity.m in Sources */,
				CF1374E318972C2B00C757B0 /* NGTopicListGetter.m in Sources */,
				CFAEDAEF18DD68210015A2B4 /* NGOdaimokuTableViewControllerIphone.m in Sources */,
				CFAEDAE918DD643E0015A2B4 /* NGOdaimokuTableViewControllerIpad.m in Sources */,
				CF05AC2F18568F150026988C /* NGHTMLGetter.m in Sources */,
				CFEFED1018568CF900A5AC7C /* main.m in Sources */,
				CFD6E83618D7C17500CBA020 /* NGImageDownloader.m in Sources */,
				CFD6672818DD7C38000EF257 /* NGViewControllerBase.m in Sources */,
				CFEFED1418568CF900A5AC7C /* NGAppDelegate.m in Sources */,
				CF07D31218D88E55007BAAFC /* SVProgressHUD.m in Sources */,
				CF1374E018972A2E00C757B0 /* NGOdaimokuTableViewController.m in Sources */,
			);
			runOnlyForDeploymentPostprocessing = 0;
		};
		CFEFED2018568CF900A5AC7C /* Sources */ = {
			isa = PBXSourcesBuildPhase;
			buildActionMask = 2147483647;
			files = (
				CFEFED3218568CF900A5AC7C /* NGVTests.m in Sources */,
			);
			runOnlyForDeploymentPostprocessing = 0;
		};
/* End PBXSourcesBuildPhase section */

/* Begin PBXTargetDependency section */
		CFEFED2A18568CF900A5AC7C /* PBXTargetDependency */ = {
			isa = PBXTargetDependency;
			target = CFEFECFF18568CF900A5AC7C /* NGV */;
			targetProxy = CFEFED2918568CF900A5AC7C /* PBXContainerItemProxy */;
		};
/* End PBXTargetDependency section */

/* Begin PBXVariantGroup section */
		CFEFED0C18568CF900A5AC7C /* InfoPlist.strings */ = {
			isa = PBXVariantGroup;
			children = (
				CFEFED0D18568CF900A5AC7C /* en */,
			);
			name = InfoPlist.strings;
			sourceTree = "<group>";
		};
		CFEFED1518568CF900A5AC7C /* Main_iPhone.storyboard */ = {
			isa = PBXVariantGroup;
			children = (
				CFEFED1618568CF900A5AC7C /* Base */,
			);
			name = Main_iPhone.storyboard;
			sourceTree = "<group>";
		};
		CFEFED1818568CF900A5AC7C /* Main_iPad.storyboard */ = {
			isa = PBXVariantGroup;
			children = (
				CFEFED1918568CF900A5AC7C /* Base */,
			);
			name = Main_iPad.storyboard;
			sourceTree = "<group>";
		};
		CFEFED2E18568CF900A5AC7C /* InfoPlist.strings */ = {
			isa = PBXVariantGroup;
			children = (
				CFEFED2F18568CF900A5AC7C /* en */,
			);
			name = InfoPlist.strings;
			sourceTree = "<group>";
		};
/* End PBXVariantGroup section */

/* Begin XCBuildConfiguration section */
		CFEFED3318568CF900A5AC7C /* Debug */ = {
			isa = XCBuildConfiguration;
			buildSettings = {
				ALWAYS_SEARCH_USER_PATHS = NO;
				CLANG_CXX_LANGUAGE_STANDARD = "gnu++0x";
				CLANG_CXX_LIBRARY = "libc++";
				CLANG_ENABLE_MODULES = YES;
				CLANG_ENABLE_OBJC_ARC = YES;
				CLANG_WARN_BOOL_CONVERSION = YES;
				CLANG_WARN_CONSTANT_CONVERSION = YES;
				CLANG_WARN_DIRECT_OBJC_ISA_USAGE = YES_ERROR;
				CLANG_WARN_EMPTY_BODY = YES;
				CLANG_WARN_ENUM_CONVERSION = YES;
				CLANG_WARN_INT_CONVERSION = YES;
				CLANG_WARN_OBJC_ROOT_CLASS = YES_ERROR;
				CLANG_WARN__DUPLICATE_METHOD_MATCH = YES;
				CODE_SIGN_IDENTITY = "iPhone Developer: 康大 佐藤 (BVYHJYR37G)";
				"CODE_SIGN_IDENTITY[sdk=iphoneos*]" = "iPhone Developer: 康大 佐藤 (BVYHJYR37G)";
				COPY_PHASE_STRIP = NO;
				GCC_C_LANGUAGE_STANDARD = gnu99;
				GCC_DYNAMIC_NO_PIC = NO;
				GCC_OPTIMIZATION_LEVEL = 0;
				GCC_PREPROCESSOR_DEFINITIONS = (
					"DEBUG=1",
					"$(inherited)",
				);
				GCC_SYMBOLS_PRIVATE_EXTERN = NO;
				GCC_WARN_64_TO_32_BIT_CONVERSION = YES;
				GCC_WARN_ABOUT_RETURN_TYPE = YES_ERROR;
				GCC_WARN_UNDECLARED_SELECTOR = YES;
				GCC_WARN_UNINITIALIZED_AUTOS = YES;
				GCC_WARN_UNUSED_FUNCTION = YES;
				GCC_WARN_UNUSED_VARIABLE = YES;
				IPHONEOS_DEPLOYMENT_TARGET = 6.0;
				ONLY_ACTIVE_ARCH = YES;
				SDKROOT = iphoneos;
				TARGETED_DEVICE_FAMILY = "1,2";
			};
			name = Debug;
		};
		CFEFED3418568CF900A5AC7C /* Release */ = {
			isa = XCBuildConfiguration;
			buildSettings = {
				ALWAYS_SEARCH_USER_PATHS = NO;
				CLANG_CXX_LANGUAGE_STANDARD = "gnu++0x";
				CLANG_CXX_LIBRARY = "libc++";
				CLANG_ENABLE_MODULES = YES;
				CLANG_ENABLE_OBJC_ARC = YES;
				CLANG_WARN_BOOL_CONVERSION = YES;
				CLANG_WARN_CONSTANT_CONVERSION = YES;
				CLANG_WARN_DIRECT_OBJC_ISA_USAGE = YES_ERROR;
				CLANG_WARN_EMPTY_BODY = YES;
				CLANG_WARN_ENUM_CONVERSION = YES;
				CLANG_WARN_INT_CONVERSION = YES;
				CLANG_WARN_OBJC_ROOT_CLASS = YES_ERROR;
				CLANG_WARN__DUPLICATE_METHOD_MATCH = YES;
				"CODE_SIGN_IDENTITY[sdk=iphoneos*]" = "iPhone Developer";
				COPY_PHASE_STRIP = YES;
				ENABLE_NS_ASSERTIONS = NO;
				GCC_C_LANGUAGE_STANDARD = gnu99;
				GCC_WARN_64_TO_32_BIT_CONVERSION = YES;
				GCC_WARN_ABOUT_RETURN_TYPE = YES_ERROR;
				GCC_WARN_UNDECLARED_SELECTOR = YES;
				GCC_WARN_UNINITIALIZED_AUTOS = YES;
				GCC_WARN_UNUSED_FUNCTION = YES;
				GCC_WARN_UNUSED_VARIABLE = YES;
				IPHONEOS_DEPLOYMENT_TARGET = 6.0;
				SDKROOT = iphoneos;
				TARGETED_DEVICE_FAMILY = "1,2";
				VALIDATE_PRODUCT = YES;
			};
			name = Release;
		};
		CFEFED3618568CF900A5AC7C /* Debug */ = {
			isa = XCBuildConfiguration;
			buildSettings = {
				ASSETCATALOG_COMPILER_APPICON_NAME = AppIcon;
				ASSETCATALOG_COMPILER_LAUNCHIMAGE_NAME = LaunchImage;
				CODE_SIGN_IDENTITY = "iPhone Developer";
				"CODE_SIGN_IDENTITY[sdk=iphoneos*]" = "iPhone Developer";
				GCC_PRECOMPILE_PREFIX_HEADER = YES;
				GCC_PREFIX_HEADER = "NGV/NGV-Prefix.pch";
				HEADER_SEARCH_PATHS = (
					"$(inherited)",
					/Applications/Xcode.app/Contents/Developer/Toolchains/XcodeDefault.xctoolchain/usr/include,
					"${SDK_DIR}/usr/include/libxml2/**",
				);
				INFOPLIST_FILE = "NGV/NGV-Info.plist";
				IPHONEOS_DEPLOYMENT_TARGET = 6.0;
				LD_RUNPATH_SEARCH_PATHS = "-lxml2";
				LIBRARY_SEARCH_PATHS = "";
				PRODUCT_NAME = "$(TARGET_NAME)";
				PROVISIONING_PROFILE = "";
				TARGETED_DEVICE_FAMILY = "1,2";
				WRAPPER_EXTENSION = app;
			};
			name = Debug;
		};
		CFEFED3718568CF900A5AC7C /* Release */ = {
			isa = XCBuildConfiguration;
			buildSettings = {
				ASSETCATALOG_COMPILER_APPICON_NAME = AppIcon;
				ASSETCATALOG_COMPILER_LAUNCHIMAGE_NAME = LaunchImage;
				CODE_SIGN_IDENTITY = "iPhone Developer";
				"CODE_SIGN_IDENTITY[sdk=iphoneos*]" = "iPhone Developer";
				GCC_PRECOMPILE_PREFIX_HEADER = YES;
				GCC_PREFIX_HEADER = "NGV/NGV-Prefix.pch";
				HEADER_SEARCH_PATHS = (
					"$(inherited)",
					/Applications/Xcode.app/Contents/Developer/Toolchains/XcodeDefault.xctoolchain/usr/include,
					"${SDK_DIR}/usr/include/libxml2/**",
				);
				INFOPLIST_FILE = "NGV/NGV-Info.plist";
				IPHONEOS_DEPLOYMENT_TARGET = 6.0;
				LD_RUNPATH_SEARCH_PATHS = "-lxml2";
				LIBRARY_SEARCH_PATHS = "";
				PRODUCT_NAME = "$(TARGET_NAME)";
				PROVISIONING_PROFILE = "";
				TARGETED_DEVICE_FAMILY = "1,2";
				WRAPPER_EXTENSION = app;
			};
			name = Release;
		};
		CFEFED3918568CF900A5AC7C /* Debug */ = {
			isa = XCBuildConfiguration;
			buildSettings = {
				BUNDLE_LOADER = "$(BUILT_PRODUCTS_DIR)/NGV.app/NGV";
				FRAMEWORK_SEARCH_PATHS = (
					"$(SDKROOT)/Developer/Library/Frameworks",
					"$(inherited)",
					"$(DEVELOPER_FRAMEWORKS_DIR)",
				);
				GCC_PRECOMPILE_PREFIX_HEADER = YES;
				GCC_PREFIX_HEADER = "NGV/NGV-Prefix.pch";
				GCC_PREPROCESSOR_DEFINITIONS = (
					"DEBUG=1",
					"$(inherited)",
				);
				INFOPLIST_FILE = "NGVTests/NGVTests-Info.plist";
				PRODUCT_NAME = "$(TARGET_NAME)";
				TEST_HOST = "$(BUNDLE_LOADER)";
				WRAPPER_EXTENSION = xctest;
			};
			name = Debug;
		};
		CFEFED3A18568CF900A5AC7C /* Release */ = {
			isa = XCBuildConfiguration;
			buildSettings = {
				BUNDLE_LOADER = "$(BUILT_PRODUCTS_DIR)/NGV.app/NGV";
				FRAMEWORK_SEARCH_PATHS = (
					"$(SDKROOT)/Developer/Library/Frameworks",
					"$(inherited)",
					"$(DEVELOPER_FRAMEWORKS_DIR)",
				);
				GCC_PRECOMPILE_PREFIX_HEADER = YES;
				GCC_PREFIX_HEADER = "NGV/NGV-Prefix.pch";
				INFOPLIST_FILE = "NGVTests/NGVTests-Info.plist";
				PRODUCT_NAME = "$(TARGET_NAME)";
				TEST_HOST = "$(BUNDLE_LOADER)";
				WRAPPER_EXTENSION = xctest;
			};
			name = Release;
		};
/* End XCBuildConfiguration section */

/* Begin XCConfigurationList section */
		CFEFECFB18568CF900A5AC7C /* Build configuration list for PBXProject "NGV" */ = {
			isa = XCConfigurationList;
			buildConfigurations = (
				CFEFED3318568CF900A5AC7C /* Debug */,
				CFEFED3418568CF900A5AC7C /* Release */,
			);
			defaultConfigurationIsVisible = 0;
			defaultConfigurationName = Release;
		};
		CFEFED3518568CF900A5AC7C /* Build configuration list for PBXNativeTarget "NGV" */ = {
			isa = XCConfigurationList;
			buildConfigurations = (
				CFEFED3618568CF900A5AC7C /* Debug */,
				CFEFED3718568CF900A5AC7C /* Release */,
			);
			defaultConfigurationIsVisible = 0;
			defaultConfigurationName = Release;
		};
		CFEFED3818568CF900A5AC7C /* Build configuration list for PBXNativeTarget "NGVTests" */ = {
			isa = XCConfigurationList;
			buildConfigurations = (
				CFEFED3918568CF900A5AC7C /* Debug */,
				CFEFED3A18568CF900A5AC7C /* Release */,
			);
			defaultConfigurationIsVisible = 0;
			defaultConfigurationName = Release;
		};
/* End XCConfigurationList section */
	};
	rootObject = CFEFECF818568CF900A5AC7C /* Project object */;
}
