// !$*UTF8*$!
{
	archiveVersion = 1;
	classes = {
	};
	objectVersion = 46;
	objects = {

/* Begin PBXBuildFile section */
		CFF32C94185FD09500DF90DF /* Foundation.framework in Frameworks */ = {isa = PBXBuildFile; fileRef = CFF32C93185FD09500DF90DF /* Foundation.framework */; };
		CFF32C96185FD09500DF90DF /* CoreGraphics.framework in Frameworks */ = {isa = PBXBuildFile; fileRef = CFF32C95185FD09500DF90DF /* CoreGraphics.framework */; };
		CFF32C98185FD09500DF90DF /* UIKit.framework in Frameworks */ = {isa = PBXBuildFile; fileRef = CFF32C97185FD09500DF90DF /* UIKit.framework */; };
		CFF32C9E185FD09500DF90DF /* InfoPlist.strings in Resources */ = {isa = PBXBuildFile; fileRef = CFF32C9C185FD09500DF90DF /* InfoPlist.strings */; };
		CFF32CA0185FD09500DF90DF /* main.m in Sources */ = {isa = PBXBuildFile; fileRef = CFF32C9F185FD09500DF90DF /* main.m */; };
		CFF32CA4185FD09500DF90DF /* NGAppDelegate.m in Sources */ = {isa = PBXBuildFile; fileRef = CFF32CA3185FD09500DF90DF /* NGAppDelegate.m */; };
		CFF32CA7185FD09500DF90DF /* Main_iPhone.storyboard in Resources */ = {isa = PBXBuildFile; fileRef = CFF32CA5185FD09500DF90DF /* Main_iPhone.storyboard */; };
		CFF32CAA185FD09500DF90DF /* Main_iPad.storyboard in Resources */ = {isa = PBXBuildFile; fileRef = CFF32CA8185FD09500DF90DF /* Main_iPad.storyboard */; };
		CFF32CAD185FD09500DF90DF /* NGViewController.m in Sources */ = {isa = PBXBuildFile; fileRef = CFF32CAC185FD09500DF90DF /* NGViewController.m */; };
		CFF32CAF185FD09500DF90DF /* Images.xcassets in Resources */ = {isa = PBXBuildFile; fileRef = CFF32CAE185FD09500DF90DF /* Images.xcassets */; };
		CFF32CB6185FD09500DF90DF /* XCTest.framework in Frameworks */ = {isa = PBXBuildFile; fileRef = CFF32CB5185FD09500DF90DF /* XCTest.framework */; };
		CFF32CB7185FD09500DF90DF /* Foundation.framework in Frameworks */ = {isa = PBXBuildFile; fileRef = CFF32C93185FD09500DF90DF /* Foundation.framework */; };
		CFF32CB8185FD09500DF90DF /* UIKit.framework in Frameworks */ = {isa = PBXBuildFile; fileRef = CFF32C97185FD09500DF90DF /* UIKit.framework */; };
		CFF32CC0185FD09500DF90DF /* InfoPlist.strings in Resources */ = {isa = PBXBuildFile; fileRef = CFF32CBE185FD09500DF90DF /* InfoPlist.strings */; };
		CFF32CC2185FD09500DF90DF /* NGVTests.m in Sources */ = {isa = PBXBuildFile; fileRef = CFF32CC1185FD09500DF90DF /* NGVTests.m */; };
/* End PBXBuildFile section */

/* Begin PBXContainerItemProxy section */
		CFF32CB9185FD09500DF90DF /* PBXContainerItemProxy */ = {
			isa = PBXContainerItemProxy;
			containerPortal = CFF32C88185FD09500DF90DF /* Project object */;
			proxyType = 1;
			remoteGlobalIDString = CFF32C8F185FD09500DF90DF;
			remoteInfo = NGV;
		};
/* End PBXContainerItemProxy section */

/* Begin PBXFileReference section */
		CFF32C90185FD09500DF90DF /* NGV.app */ = {isa = PBXFileReference; explicitFileType = wrapper.application; includeInIndex = 0; path = NGV.app; sourceTree = BUILT_PRODUCTS_DIR; };
		CFF32C93185FD09500DF90DF /* Foundation.framework */ = {isa = PBXFileReference; lastKnownFileType = wrapper.framework; name = Foundation.framework; path = System/Library/Frameworks/Foundation.framework; sourceTree = SDKROOT; };
		CFF32C95185FD09500DF90DF /* CoreGraphics.framework */ = {isa = PBXFileReference; lastKnownFileType = wrapper.framework; name = CoreGraphics.framework; path = System/Library/Frameworks/CoreGraphics.framework; sourceTree = SDKROOT; };
		CFF32C97185FD09500DF90DF /* UIKit.framework */ = {isa = PBXFileReference; lastKnownFileType = wrapper.framework; name = UIKit.framework; path = System/Library/Frameworks/UIKit.framework; sourceTree = SDKROOT; };
		CFF32C9B185FD09500DF90DF /* NGV-Info.plist */ = {isa = PBXFileReference; lastKnownFileType = text.plist.xml; path = "NGV-Info.plist"; sourceTree = "<group>"; };
		CFF32C9D185FD09500DF90DF /* en */ = {isa = PBXFileReference; lastKnownFileType = text.plist.strings; name = en; path = en.lproj/InfoPlist.strings; sourceTree = "<group>"; };
		CFF32C9F185FD09500DF90DF /* main.m */ = {isa = PBXFileReference; lastKnownFileType = sourcecode.c.objc; path = main.m; sourceTree = "<group>"; };
		CFF32CA1185FD09500DF90DF /* NGV-Prefix.pch */ = {isa = PBXFileReference; lastKnownFileType = sourcecode.c.h; path = "NGV-Prefix.pch"; sourceTree = "<group>"; };
		CFF32CA2185FD09500DF90DF /* NGAppDelegate.h */ = {isa = PBXFileReference; lastKnownFileType = sourcecode.c.h; path = NGAppDelegate.h; sourceTree = "<group>"; };
		CFF32CA3185FD09500DF90DF /* NGAppDelegate.m */ = {isa = PBXFileReference; lastKnownFileType = sourcecode.c.objc; path = NGAppDelegate.m; sourceTree = "<group>"; };
		CFF32CA6185FD09500DF90DF /* Base */ = {isa = PBXFileReference; lastKnownFileType = file.storyboard; name = Base; path = Base.lproj/Main_iPhone.storyboard; sourceTree = "<group>"; };
		CFF32CA9185FD09500DF90DF /* Base */ = {isa = PBXFileReference; lastKnownFileType = file.storyboard; name = Base; path = Base.lproj/Main_iPad.storyboard; sourceTree = "<group>"; };
		CFF32CAB185FD09500DF90DF /* NGViewController.h */ = {isa = PBXFileReference; lastKnownFileType = sourcecode.c.h; path = NGViewController.h; sourceTree = "<group>"; };
		CFF32CAC185FD09500DF90DF /* NGViewController.m */ = {isa = PBXFileReference; lastKnownFileType = sourcecode.c.objc; path = NGViewController.m; sourceTree = "<group>"; };
		CFF32CAE185FD09500DF90DF /* Images.xcassets */ = {isa = PBXFileReference; lastKnownFileType = folder.assetcatalog; path = Images.xcassets; sourceTree = "<group>"; };
		CFF32CB4185FD09500DF90DF /* NGVTests.xctest */ = {isa = PBXFileReference; explicitFileType = wrapper.cfbundle; includeInIndex = 0; path = NGVTests.xctest; sourceTree = BUILT_PRODUCTS_DIR; };
		CFF32CB5185FD09500DF90DF /* XCTest.framework */ = {isa = PBXFileReference; lastKnownFileType = wrapper.framework; name = XCTest.framework; path = Library/Frameworks/XCTest.framework; sourceTree = DEVELOPER_DIR; };
		CFF32CBD185FD09500DF90DF /* NGVTests-Info.plist */ = {isa = PBXFileReference; lastKnownFileType = text.plist.xml; path = "NGVTests-Info.plist"; sourceTree = "<group>"; };
		CFF32CBF185FD09500DF90DF /* en */ = {isa = PBXFileReference; lastKnownFileType = text.plist.strings; name = en; path = en.lproj/InfoPlist.strings; sourceTree = "<group>"; };
		CFF32CC1185FD09500DF90DF /* NGVTests.m */ = {isa = PBXFileReference; lastKnownFileType = sourcecode.c.objc; path = NGVTests.m; sourceTree = "<group>"; };
/* End PBXFileReference section */

/* Begin PBXFrameworksBuildPhase section */
		CFF32C8D185FD09500DF90DF /* Frameworks */ = {
			isa = PBXFrameworksBuildPhase;
			buildActionMask = 2147483647;
			files = (
				CFF32C96185FD09500DF90DF /* CoreGraphics.framework in Frameworks */,
				CFF32C98185FD09500DF90DF /* UIKit.framework in Frameworks */,
				CFF32C94185FD09500DF90DF /* Foundation.framework in Frameworks */,
			);
			runOnlyForDeploymentPostprocessing = 0;
		};
		CFF32CB1185FD09500DF90DF /* Frameworks */ = {
			isa = PBXFrameworksBuildPhase;
			buildActionMask = 2147483647;
			files = (
				CFF32CB6185FD09500DF90DF /* XCTest.framework in Frameworks */,
				CFF32CB8185FD09500DF90DF /* UIKit.framework in Frameworks */,
				CFF32CB7185FD09500DF90DF /* Foundation.framework in Frameworks */,
			);
			runOnlyForDeploymentPostprocessing = 0;
		};
/* End PBXFrameworksBuildPhase section */

/* Begin PBXGroup section */
		CFF32C87185FD09500DF90DF = {
			isa = PBXGroup;
			children = (
				CFF32C99185FD09500DF90DF /* NGV */,
				CFF32CBB185FD09500DF90DF /* NGVTests */,
				CFF32C92185FD09500DF90DF /* Frameworks */,
				CFF32C91185FD09500DF90DF /* Products */,
			);
			sourceTree = "<group>";
		};
		CFF32C91185FD09500DF90DF /* Products */ = {
			isa = PBXGroup;
			children = (
				CFF32C90185FD09500DF90DF /* NGV.app */,
				CFF32CB4185FD09500DF90DF /* NGVTests.xctest */,
			);
			name = Products;
			sourceTree = "<group>";
		};
		CFF32C92185FD09500DF90DF /* Frameworks */ = {
			isa = PBXGroup;
			children = (
				CFF32C93185FD09500DF90DF /* Foundation.framework */,
				CFF32C95185FD09500DF90DF /* CoreGraphics.framework */,
				CFF32C97185FD09500DF90DF /* UIKit.framework */,
				CFF32CB5185FD09500DF90DF /* XCTest.framework */,
			);
			name = Frameworks;
			sourceTree = "<group>";
		};
		CFF32C99185FD09500DF90DF /* NGV */ = {
			isa = PBXGroup;
			children = (
				CFF32CA2185FD09500DF90DF /* NGAppDelegate.h */,
				CFF32CA3185FD09500DF90DF /* NGAppDelegate.m */,
				CFF32CA5185FD09500DF90DF /* Main_iPhone.storyboard */,
				CFF32CA8185FD09500DF90DF /* Main_iPad.storyboard */,
				CFF32CAB185FD09500DF90DF /* NGViewController.h */,
				CFF32CAC185FD09500DF90DF /* NGViewController.m */,
				CFF32CAE185FD09500DF90DF /* Images.xcassets */,
				CFF32C9A185FD09500DF90DF /* Supporting Files */,
			);
			path = NGV;
			sourceTree = "<group>";
		};
		CFF32C9A185FD09500DF90DF /* Supporting Files */ = {
			isa = PBXGroup;
			children = (
				CFF32C9B185FD09500DF90DF /* NGV-Info.plist */,
				CFF32C9C185FD09500DF90DF /* InfoPlist.strings */,
				CFF32C9F185FD09500DF90DF /* main.m */,
				CFF32CA1185FD09500DF90DF /* NGV-Prefix.pch */,
			);
			name = "Supporting Files";
			sourceTree = "<group>";
		};
		CFF32CBB185FD09500DF90DF /* NGVTests */ = {
			isa = PBXGroup;
			children = (
				CFF32CC1185FD09500DF90DF /* NGVTests.m */,
				CFF32CBC185FD09500DF90DF /* Supporting Files */,
			);
			path = NGVTests;
			sourceTree = "<group>";
		};
		CFF32CBC185FD09500DF90DF /* Supporting Files */ = {
			isa = PBXGroup;
			children = (
				CFF32CBD185FD09500DF90DF /* NGVTests-Info.plist */,
				CFF32CBE185FD09500DF90DF /* InfoPlist.strings */,
			);
			name = "Supporting Files";
			sourceTree = "<group>";
		};
/* End PBXGroup section */

/* Begin PBXNativeTarget section */
		CFF32C8F185FD09500DF90DF /* NGV */ = {
			isa = PBXNativeTarget;
			buildConfigurationList = CFF32CC5185FD09500DF90DF /* Build configuration list for PBXNativeTarget "NGV" */;
			buildPhases = (
				CFF32C8C185FD09500DF90DF /* Sources */,
				CFF32C8D185FD09500DF90DF /* Frameworks */,
				CFF32C8E185FD09500DF90DF /* Resources */,
			);
			buildRules = (
			);
			dependencies = (
			);
			name = NGV;
			productName = NGV;
			productReference = CFF32C90185FD09500DF90DF /* NGV.app */;
			productType = "com.apple.product-type.application";
		};
		CFF32CB3185FD09500DF90DF /* NGVTests */ = {
			isa = PBXNativeTarget;
			buildConfigurationList = CFF32CC8185FD09500DF90DF /* Build configuration list for PBXNativeTarget "NGVTests" */;
			buildPhases = (
				CFF32CB0185FD09500DF90DF /* Sources */,
				CFF32CB1185FD09500DF90DF /* Frameworks */,
				CFF32CB2185FD09500DF90DF /* Resources */,
			);
			buildRules = (
			);
			dependencies = (
				CFF32CBA185FD09500DF90DF /* PBXTargetDependency */,
			);
			name = NGVTests;
			productName = NGVTests;
			productReference = CFF32CB4185FD09500DF90DF /* NGVTests.xctest */;
			productType = "com.apple.product-type.bundle.unit-test";
		};
/* End PBXNativeTarget section */

/* Begin PBXProject section */
		CFF32C88185FD09500DF90DF /* Project object */ = {
			isa = PBXProject;
			attributes = {
				CLASSPREFIX = NG;
				LastUpgradeCheck = 0500;
				ORGANIZATIONNAME = "Yasuhiro Sato";
				TargetAttributes = {
					CFF32CB3185FD09500DF90DF = {
						TestTargetID = CFF32C8F185FD09500DF90DF;
					};
				};
			};
			buildConfigurationList = CFF32C8B185FD09500DF90DF /* Build configuration list for PBXProject "NGV" */;
			compatibilityVersion = "Xcode 3.2";
			developmentRegion = English;
			hasScannedForEncodings = 0;
			knownRegions = (
				en,
				Base,
			);
			mainGroup = CFF32C87185FD09500DF90DF;
			productRefGroup = CFF32C91185FD09500DF90DF /* Products */;
			projectDirPath = "";
			projectRoot = "";
			targets = (
				CFF32C8F185FD09500DF90DF /* NGV */,
				CFF32CB3185FD09500DF90DF /* NGVTests */,
			);
		};
/* End PBXProject section */

/* Begin PBXResourcesBuildPhase section */
		CFF32C8E185FD09500DF90DF /* Resources */ = {
			isa = PBXResourcesBuildPhase;
			buildActionMask = 2147483647;
			files = (
				CFF32CAA185FD09500DF90DF /* Main_iPad.storyboard in Resources */,
				CFF32CAF185FD09500DF90DF /* Images.xcassets in Resources */,
				CFF32CA7185FD09500DF90DF /* Main_iPhone.storyboard in Resources */,
				CFF32C9E185FD09500DF90DF /* InfoPlist.strings in Resources */,
			);
			runOnlyForDeploymentPostprocessing = 0;
		};
		CFF32CB2185FD09500DF90DF /* Resources */ = {
			isa = PBXResourcesBuildPhase;
			buildActionMask = 2147483647;
			files = (
				CFF32CC0185FD09500DF90DF /* InfoPlist.strings in Resources */,
			);
			runOnlyForDeploymentPostprocessing = 0;
		};
/* End PBXResourcesBuildPhase section */

/* Begin PBXSourcesBuildPhase section */
		CFF32C8C185FD09500DF90DF /* Sources */ = {
			isa = PBXSourcesBuildPhase;
			buildActionMask = 2147483647;
			files = (
				CFF32CAD185FD09500DF90DF /* NGViewController.m in Sources */,
				CFF32CA0185FD09500DF90DF /* main.m in Sources */,
				CFF32CA4185FD09500DF90DF /* NGAppDelegate.m in Sources */,
			);
			runOnlyForDeploymentPostprocessing = 0;
		};
		CFF32CB0185FD09500DF90DF /* Sources */ = {
			isa = PBXSourcesBuildPhase;
			buildActionMask = 2147483647;
			files = (
				CFF32CC2185FD09500DF90DF /* NGVTests.m in Sources */,
			);
			runOnlyForDeploymentPostprocessing = 0;
		};
/* End PBXSourcesBuildPhase section */

/* Begin PBXTargetDependency section */
		CFF32CBA185FD09500DF90DF /* PBXTargetDependency */ = {
			isa = PBXTargetDependency;
			target = CFF32C8F185FD09500DF90DF /* NGV */;
			targetProxy = CFF32CB9185FD09500DF90DF /* PBXContainerItemProxy */;
		};
/* End PBXTargetDependency section */

/* Begin PBXVariantGroup section */
		CFF32C9C185FD09500DF90DF /* InfoPlist.strings */ = {
			isa = PBXVariantGroup;
			children = (
				CFF32C9D185FD09500DF90DF /* en */,
			);
			name = InfoPlist.strings;
			sourceTree = "<group>";
		};
		CFF32CA5185FD09500DF90DF /* Main_iPhone.storyboard */ = {
			isa = PBXVariantGroup;
			children = (
				CFF32CA6185FD09500DF90DF /* Base */,
			);
			name = Main_iPhone.storyboard;
			sourceTree = "<group>";
		};
		CFF32CA8185FD09500DF90DF /* Main_iPad.storyboard */ = {
			isa = PBXVariantGroup;
			children = (
				CFF32CA9185FD09500DF90DF /* Base */,
			);
			name = Main_iPad.storyboard;
			sourceTree = "<group>";
		};
		CFF32CBE185FD09500DF90DF /* InfoPlist.strings */ = {
			isa = PBXVariantGroup;
			children = (
				CFF32CBF185FD09500DF90DF /* en */,
			);
			name = InfoPlist.strings;
			sourceTree = "<group>";
		};
/* End PBXVariantGroup section */

/* Begin XCBuildConfiguration section */
		CFF32CC3185FD09500DF90DF /* Debug */ = {
			isa = XCBuildConfiguration;
			buildSettings = {
				ALWAYS_SEARCH_USER_PATHS = NO;
				ARCHS = "$(ARCHS_STANDARD_INCLUDING_64_BIT)";
				CLANG_CXX_LANGUAGE_STANDARD = "gnu++0x";
				CLANG_CXX_LIBRARY = "libc++";
				CLANG_ENABLE_MODULES = YES;
				CLANG_ENABLE_OBJC_ARC = YES;
				CLANG_WARN_BOOL_CONVERSION = YES;
				CLANG_WARN_CONSTANT_CONVERSION = YES;
				CLANG_WARN_DIRECT_OBJC_ISA_USAGE = YES_ERROR;
				CLANG_WARN_EMPTY_BODY = YES;
				CLANG_WARN_ENUM_CONVERSION = YES;
				CLANG_WARN_INT_CONVERSION = YES;
				CLANG_WARN_OBJC_ROOT_CLASS = YES_ERROR;
				CLANG_WARN__DUPLICATE_METHOD_MATCH = YES;
				"CODE_SIGN_IDENTITY[sdk=iphoneos*]" = "iPhone Developer";
				COPY_PHASE_STRIP = NO;
				GCC_C_LANGUAGE_STANDARD = gnu99;
				GCC_DYNAMIC_NO_PIC = NO;
				GCC_OPTIMIZATION_LEVEL = 0;
				GCC_PREPROCESSOR_DEFINITIONS = (
					"DEBUG=1",
					"$(inherited)",
				);
				GCC_SYMBOLS_PRIVATE_EXTERN = NO;
				GCC_WARN_64_TO_32_BIT_CONVERSION = YES;
				GCC_WARN_ABOUT_RETURN_TYPE = YES_ERROR;
				GCC_WARN_UNDECLARED_SELECTOR = YES;
				GCC_WARN_UNINITIALIZED_AUTOS = YES;
				GCC_WARN_UNUSED_FUNCTION = YES;
				GCC_WARN_UNUSED_VARIABLE = YES;
				IPHONEOS_DEPLOYMENT_TARGET = 7.0;
				ONLY_ACTIVE_ARCH = YES;
				SDKROOT = iphoneos;
				TARGETED_DEVICE_FAMILY = "1,2";
			};
			name = Debug;
		};
		CFF32CC4185FD09500DF90DF /* Release */ = {
			isa = XCBuildConfiguration;
			buildSettings = {
				ALWAYS_SEARCH_USER_PATHS = NO;
				ARCHS = "$(ARCHS_STANDARD_INCLUDING_64_BIT)";
				CLANG_CXX_LANGUAGE_STANDARD = "gnu++0x";
				CLANG_CXX_LIBRARY = "libc++";
				CLANG_ENABLE_MODULES = YES;
				CLANG_ENABLE_OBJC_ARC = YES;
				CLANG_WARN_BOOL_CONVERSION = YES;
				CLANG_WARN_CONSTANT_CONVERSION = YES;
				CLANG_WARN_DIRECT_OBJC_ISA_USAGE = YES_ERROR;
				CLANG_WARN_EMPTY_BODY = YES;
				CLANG_WARN_ENUM_CONVERSION = YES;
				CLANG_WARN_INT_CONVERSION = YES;
				CLANG_WARN_OBJC_ROOT_CLASS = YES_ERROR;
				CLANG_WARN__DUPLICATE_METHOD_MATCH = YES;
				"CODE_SIGN_IDENTITY[sdk=iphoneos*]" = "iPhone Developer";
				COPY_PHASE_STRIP = YES;
				ENABLE_NS_ASSERTIONS = NO;
				GCC_C_LANGUAGE_STANDARD = gnu99;
				GCC_WARN_64_TO_32_BIT_CONVERSION = YES;
				GCC_WARN_ABOUT_RETURN_TYPE = YES_ERROR;
				GCC_WARN_UNDECLARED_SELECTOR = YES;
				GCC_WARN_UNINITIALIZED_AUTOS = YES;
				GCC_WARN_UNUSED_FUNCTION = YES;
				GCC_WARN_UNUSED_VARIABLE = YES;
				IPHONEOS_DEPLOYMENT_TARGET = 7.0;
				SDKROOT = iphoneos;
				TARGETED_DEVICE_FAMILY = "1,2";
				VALIDATE_PRODUCT = YES;
			};
			name = Release;
		};
		CFF32CC6185FD09500DF90DF /* Debug */ = {
			isa = XCBuildConfiguration;
			buildSettings = {
				ASSETCATALOG_COMPILER_APPICON_NAME = AppIcon;
				ASSETCATALOG_COMPILER_LAUNCHIMAGE_NAME = LaunchImage;
				GCC_PRECOMPILE_PREFIX_HEADER = YES;
				GCC_PREFIX_HEADER = "NGV/NGV-Prefix.pch";
				INFOPLIST_FILE = "NGV/NGV-Info.plist";
				PRODUCT_NAME = "$(TARGET_NAME)";
				WRAPPER_EXTENSION = app;
			};
			name = Debug;
		};
		CFF32CC7185FD09500DF90DF /* Release */ = {
			isa = XCBuildConfiguration;
			buildSettings = {
				ASSETCATALOG_COMPILER_APPICON_NAME = AppIcon;
				ASSETCATALOG_COMPILER_LAUNCHIMAGE_NAME = LaunchImage;
				GCC_PRECOMPILE_PREFIX_HEADER = YES;
				GCC_PREFIX_HEADER = "NGV/NGV-Prefix.pch";
				INFOPLIST_FILE = "NGV/NGV-Info.plist";
				PRODUCT_NAME = "$(TARGET_NAME)";
				WRAPPER_EXTENSION = app;
			};
			name = Release;
		};
		CFF32CC9185FD09500DF90DF /* Debug */ = {
			isa = XCBuildConfiguration;
			buildSettings = {
				ARCHS = "$(ARCHS_STANDARD_INCLUDING_64_BIT)";
				BUNDLE_LOADER = "$(BUILT_PRODUCTS_DIR)/NGV.app/NGV";
				FRAMEWORK_SEARCH_PATHS = (
					"$(SDKROOT)/Developer/Library/Frameworks",
					"$(inherited)",
					"$(DEVELOPER_FRAMEWORKS_DIR)",
				);
				GCC_PRECOMPILE_PREFIX_HEADER = YES;
				GCC_PREFIX_HEADER = "NGV/NGV-Prefix.pch";
				GCC_PREPROCESSOR_DEFINITIONS = (
					"DEBUG=1",
					"$(inherited)",
				);
				INFOPLIST_FILE = "NGVTests/NGVTests-Info.plist";
				PRODUCT_NAME = "$(TARGET_NAME)";
				TEST_HOST = "$(BUNDLE_LOADER)";
				WRAPPER_EXTENSION = xctest;
			};
			name = Debug;
		};
		CFF32CCA185FD09500DF90DF /* Release */ = {
			isa = XCBuildConfiguration;
			buildSettings = {
				ARCHS = "$(ARCHS_STANDARD_INCLUDING_64_BIT)";
				BUNDLE_LOADER = "$(BUILT_PRODUCTS_DIR)/NGV.app/NGV";
				FRAMEWORK_SEARCH_PATHS = (
					"$(SDKROOT)/Developer/Library/Frameworks",
					"$(inherited)",
					"$(DEVELOPER_FRAMEWORKS_DIR)",
				);
				GCC_PRECOMPILE_PREFIX_HEADER = YES;
				GCC_PREFIX_HEADER = "NGV/NGV-Prefix.pch";
				INFOPLIST_FILE = "NGVTests/NGVTests-Info.plist";
				PRODUCT_NAME = "$(TARGET_NAME)";
				TEST_HOST = "$(BUNDLE_LOADER)";
				WRAPPER_EXTENSION = xctest;
			};
			name = Release;
		};
/* End XCBuildConfiguration section */

/* Begin XCConfigurationList section */
		CFF32C8B185FD09500DF90DF /* Build configuration list for PBXProject "NGV" */ = {
			isa = XCConfigurationList;
			buildConfigurations = (
				CFF32CC3185FD09500DF90DF /* Debug */,
				CFF32CC4185FD09500DF90DF /* Release */,
			);
			defaultConfigurationIsVisible = 0;
			defaultConfigurationName = Release;
		};
		CFF32CC5185FD09500DF90DF /* Build configuration list for PBXNativeTarget "NGV" */ = {
			isa = XCConfigurationList;
			buildConfigurations = (
				CFF32CC6185FD09500DF90DF /* Debug */,
				CFF32CC7185FD09500DF90DF /* Release */,
			);
			defaultConfigurationIsVisible = 0;
		};
		CFF32CC8185FD09500DF90DF /* Build configuration list for PBXNativeTarget "NGVTests" */ = {
			isa = XCConfigurationList;
			buildConfigurations = (
				CFF32CC9185FD09500DF90DF /* Debug */,
				CFF32CCA185FD09500DF90DF /* Release */,
			);
			defaultConfigurationIsVisible = 0;
		};
/* End XCConfigurationList section */
	};
	rootObject = CFF32C88185FD09500DF90DF /* Project object */;
}
